
Microsoft Visual Studio Solution File, Format Version 12.00
# Visual Studio Version 17
VisualStudioVersion = 17.1.32421.90
MinimumVisualStudioVersion = 10.0.40219.1
Project("{9A19103F-16F7-4668-BE54-9A1E7A4F7556}") = "EStore", "EStore\EStore.csproj", "{DC8E19E0-FA48-4473-8082-79535AAFCC9B}"
EndProject
Global
	GlobalSection(SolutionConfigurationPlatforms) = preSolution
		Debug|Any CPU = Debug|Any CPU
		Release|Any CPU = Release|Any CPU
	EndGlobalSection
	GlobalSection(ProjectConfigurationPlatforms) = postSolution
		{DC8E19E0-FA48-4473-8082-79535AAFCC9B}.Debug|Any CPU.ActiveCfg = Debug|Any CPU
		{DC8E19E0-FA48-4473-8082-79535AAFCC9B}.Debug|Any CPU.Build.0 = Debug|Any CPU
		{DC8E19E0-FA48-4473-8082-79535AAFCC9B}.Release|Any CPU.ActiveCfg = Release|Any CPU
		{DC8E19E0-FA48-4473-8082-79535AAFCC9B}.Release|Any CPU.Build.0 = Release|Any CPU
	EndGlobalSection
	GlobalSection(SolutionProperties) = preSolution
		HideSolutionNode = FALSE
	EndGlobalSection
	GlobalSection(ExtensibilityGlobals) = postSolution
		SolutionGuid = {28B807C2-C29B-42C1-8C9A-941485BE4C40}
	EndGlobalSection
EndGlobal
